github.com/armPelionEdge/maestro-shell v2.7.1+incompatible h1:NpHw5hvsjv3C0OwdAm6LNX7aDFHDkV2ud54sfeKjB00=
github.com/armPelionEdge/maestro-shell v2.7.1+incompatible/go.mod h1:ucbJHERAWlxZAVRsDJJ6ph/gDZkC5gbo4tyWDjacLJA=
github.com/armPelionEdge/maestroSpecs v0.0.0-20190829001227-f7044471ed9e h1:VtY1A0e/4uGWb1uQYm9xSSWCvpQEcwC+FhSd+D3HLiw=
github.com/armPelionEdge/maestroSpecs v0.0.0-20190829001227-f7044471ed9e/go.mod h1:9gmdqtNPQH8hhtPkQtGdvl10sVu16fGdr/RlZrZp6P0=
github.com/armPelionEdge/mustache v0.0.0-20160804235033-6375acf62c69 h1:ZNaNlTS9NsXdrBIoPFQeaZ34z68lVEb/kxsdHvruAfE=
github.com/armPelionEdge/mustache v0.0.0-20160804235033-6375acf62c69/go.mod h1:yflIyQujUMdtraeghOeByACKqVs/SoIxrooDnt6B0wY=
github.com/c-bata/go-prompt v0.2.2-0.20180309015913-de51277535db h1:SFfdi9tgYm0Hlm+meWfddoQ40wZ5wi7kUfxGVw/TY20=
github.com/c-bata/go-prompt v0.2.2-0.20180309015913-de51277535db/go.mod h1:VzqtzE2ksDBcdln8G7mk2RX9QyGjH+OVqOCSiVIqS34=
github.com/mattn/go-colorable v0.1.0 h1:v2XXALHHh6zHfYTJ+cSkwtyffnaOyR1MXaA91mTrb8o=
github.com/mattn/go-colorable v0.1.0/go.mod h1:9vuHe8Xs5qXnSaW/c/ABM9alt+Vo+STaOChaDxuIBZU=
github.com/mattn/go-isatty v0.0.4 h1:bnP0vzxcAdeI1zdubAl5PjU6zsERjGZb7raWodagDYs=
github.com/mattn/go-isatty v0.0.4/go.mod h1:M+lRXTBqGeGNdLjl/ufCoiOlB5xdOkqRJdNxMWT7Zi4=
github.com/mattn/go-tty v0.0.0-20180219170247-931426f7535a h1:8TGB3DFRNl06DB1Q6zBX+I7FDoCUZY2fmMS9WGUIIpw=
github.com/mattn/go-tty v0.0.0-20180219170247-931426f7535a/go.mod h1:XPvLUNfbS4fJH25nqRHfWLMa1ONC8Amw+mIA639KxkE=
github.com/pkg/term v0.0.0-20160705081919-b1f72af2d630 h1:ZX/9jeXxcLzjhf1Nld8Xx00p3KaxwHkO/wUmTFldenQ=
github.com/pkg/term v0.0.0-20160705081919-b1f72af2d630/go.mod h1:eCbImbZ95eXtAUIbLAuAVnBnwf83mjf6QIVH8SHYwqQ=
golang.org/x/sys v0.0.0-20180504064212-6f686a352de6 h1:7sQOuWT0FeTmxxn+JJAZsUeQWkxgHl1358plTTEayuU=
golang.org/x/sys v0.0.0-20180504064212-6f686a352de6/go.mod h1:STP8DvDyc/dI5b8T5hshtkjS+E42TnysNCUPdjciGhY=
