github.com/armPelionEdge/greasego v0.0.3 h1:0ZTrOYLjEpe0k2LqaRL6fRQMePQRJHerIN6mF3NQdSY=
github.com/armPelionEdge/greasego v0.0.3/go.mod h1:RjJtLNHcjG8xB5/NlWpMPJ/j3cS5WuQxK4pMWPbF4Yw=
github.com/armPelionEdge/maestro v2.10.0+incompatible h1:bVrLGaVQv+7k/XRILTw/0I9dTPYzeERlEcUMZ8zOTxM=
github.com/armPelionEdge/maestro v2.10.0+incompatible/go.mod h1:ISBNQVudQNqh8ny2k15q9Lm5w3UGicI8TXK7lVXEPEA=
github.com/armPelionEdge/maestroSpecs v2.3.1+incompatible h1:+Q3vsyEc0RMVGXSQIW/2qyyr1vlEUZNUOj5Yr3LYFrE=
github.com/armPelionEdge/maestroSpecs v2.3.1+incompatible/go.mod h1:9gmdqtNPQH8hhtPkQtGdvl10sVu16fGdr/RlZrZp6P0=
github.com/armPelionEdge/mustache v0.0.0-20160804235033-6375acf62c69 h1:ZNaNlTS9NsXdrBIoPFQeaZ34z68lVEb/kxsdHvruAfE=
github.com/armPelionEdge/mustache v0.0.0-20160804235033-6375acf62c69/go.mod h1:yflIyQujUMdtraeghOeByACKqVs/SoIxrooDnt6B0wY=
github.com/c-bata/go-prompt v0.2.2-0.20180309015913-de51277535db h1:SFfdi9tgYm0Hlm+meWfddoQ40wZ5wi7kUfxGVw/TY20=
github.com/c-bata/go-prompt v0.2.2-0.20180309015913-de51277535db/go.mod h1:VzqtzE2ksDBcdln8G7mk2RX9QyGjH+OVqOCSiVIqS34=
github.com/c-bata/go-prompt v0.2.6 h1:POP+nrHE+DfLYx370bedwNhsqmpCUynWPxuHi0C5vZI=
github.com/c-bata/go-prompt v0.2.6/go.mod h1:/LMAke8wD2FsNu9EXNdHxNLbd9MedkPnCdfpU9wwHfY=
github.com/costanic/maestroSpecs v2.3.2-0.20210702164046-e9c56f79c41e+incompatible h1:EpB12D7pVQxrpP/h9/pLHV15M6Z7dbCi0dlMwJJmqDc=
github.com/costanic/maestroSpecs v2.3.2-0.20210702164046-e9c56f79c41e+incompatible/go.mod h1:7e2dsHKKuyQADMSy7NteOBNi6RXmDnu7fALsyXA0mGM=
github.com/costanic/maestroSpecs v2.3.2-0.20210702180536-43b008020228+incompatible h1:Cp2aGxlPMGv9QQHsAJFESQzDs2zLHq79ILr0qUpjea4=
github.com/costanic/maestroSpecs v2.3.2-0.20210702180536-43b008020228+incompatible/go.mod h1:7e2dsHKKuyQADMSy7NteOBNi6RXmDnu7fALsyXA0mGM=
github.com/costanic/maestroSpecs v2.3.2-0.20210702180707-8db1e75e2bdf+incompatible h1:Ux5Fp5cEQ+oXus1Oh82peQJ0jeNJ9zhYJ9DSsYkXBJs=
github.com/costanic/maestroSpecs v2.3.2-0.20210702180707-8db1e75e2bdf+incompatible/go.mod h1:7e2dsHKKuyQADMSy7NteOBNi6RXmDnu7fALsyXA0mGM=
github.com/costanic/maestroSpecs v2.3.2-0.20210702210650-9c5184cccac4+incompatible h1:DGNLQ+L5UBDP8IxNOdeh7OOX0voKu1cqSzQRTVv4SDI=
github.com/costanic/maestroSpecs v2.3.2-0.20210702210650-9c5184cccac4+incompatible/go.mod h1:7e2dsHKKuyQADMSy7NteOBNi6RXmDnu7fALsyXA0mGM=
github.com/costanic/maestroSpecs v2.3.2-0.20210702214612-6b824bb406b4+incompatible h1:g7k+buQEBSxM2+WjYawMxHUofYc4WuM82Nm3YeLzev8=
github.com/costanic/maestroSpecs v2.3.2-0.20210702214612-6b824bb406b4+incompatible/go.mod h1:7e2dsHKKuyQADMSy7NteOBNi6RXmDnu7fALsyXA0mGM=
github.com/costanic/maestroSpecs v2.3.2-0.20210702215122-8241ab5022ee+incompatible h1:DJbOK6ik2LWTyQJczPTrBW8qm4f918LKOYTzRFjGhlk=
github.com/costanic/maestroSpecs v2.3.2-0.20210702215122-8241ab5022ee+incompatible/go.mod h1:7e2dsHKKuyQADMSy7NteOBNi6RXmDnu7fALsyXA0mGM=
github.com/costanic/maestroSpecs v2.3.2-0.20210702215329-29d6a7ffa995+incompatible h1:95nO3UOgtsKg32cqaQ8RSAY9kADaAnSZQZzw8CbzOrg=
github.com/costanic/maestroSpecs v2.3.2-0.20210702215329-29d6a7ffa995+incompatible/go.mod h1:7e2dsHKKuyQADMSy7NteOBNi6RXmDnu7fALsyXA0mGM=
github.com/mattn/go-colorable v0.1.0 h1:v2XXALHHh6zHfYTJ+cSkwtyffnaOyR1MXaA91mTrb8o=
github.com/mattn/go-colorable v0.1.0/go.mod h1:9vuHe8Xs5qXnSaW/c/ABM9alt+Vo+STaOChaDxuIBZU=
github.com/mattn/go-colorable v0.1.4/go.mod h1:U0ppj6V5qS13XJ6of8GYAs25YV2eR4EVcfRqFIhoBtE=
github.com/mattn/go-colorable v0.1.7/go.mod h1:u6P/XSegPjTcexA+o6vUJrdnUu04hMope9wVRipJSqc=
github.com/mattn/go-isatty v0.0.4 h1:bnP0vzxcAdeI1zdubAl5PjU6zsERjGZb7raWodagDYs=
github.com/mattn/go-isatty v0.0.4/go.mod h1:M+lRXTBqGeGNdLjl/ufCoiOlB5xdOkqRJdNxMWT7Zi4=
github.com/mattn/go-isatty v0.0.8/go.mod h1:Iq45c/XA43vh69/j3iqttzPXn0bhXyGjM0Hdxcsrc5s=
github.com/mattn/go-isatty v0.0.10/go.mod h1:qgIWMr58cqv1PHHyhnkY9lrL7etaEgOFcMEpPG5Rm84=
github.com/mattn/go-isatty v0.0.12/go.mod h1:cbi8OIDigv2wuxKPP5vlRcQ1OAZbq2CE4Kysco4FUpU=
github.com/mattn/go-runewidth v0.0.6/go.mod h1:H031xJmbD/WCDINGzjvQ9THkh0rPKHF+m2gUSrubnMI=
github.com/mattn/go-runewidth v0.0.9 h1:Lm995f3rfxdpd6TSmuVCHVb/QhupuXlYr8sCI/QdE+0=
github.com/mattn/go-runewidth v0.0.9/go.mod h1:H031xJmbD/WCDINGzjvQ9THkh0rPKHF+m2gUSrubnMI=
github.com/mattn/go-tty v0.0.0-20180219170247-931426f7535a h1:8TGB3DFRNl06DB1Q6zBX+I7FDoCUZY2fmMS9WGUIIpw=
github.com/mattn/go-tty v0.0.0-20180219170247-931426f7535a/go.mod h1:XPvLUNfbS4fJH25nqRHfWLMa1ONC8Amw+mIA639KxkE=
github.com/mattn/go-tty v0.0.3/go.mod h1:ihxohKRERHTVzN+aSVRwACLCeqIoZAWpoICkkvrWyR0=
github.com/op/go-logging v0.0.0-20160315200505-970db520ece7 h1:lDH9UUVJtmYCjyT0CI4q8xvlXPxeZ0gYCVvWbmPlp88=
github.com/op/go-logging v0.0.0-20160315200505-970db520ece7/go.mod h1:HzydrMdWErDVzsI23lYNej1Htcns9BCg93Dk0bBINWk=
github.com/pkg/term v0.0.0-20160705081919-b1f72af2d630 h1:ZX/9jeXxcLzjhf1Nld8Xx00p3KaxwHkO/wUmTFldenQ=
github.com/pkg/term v0.0.0-20160705081919-b1f72af2d630/go.mod h1:eCbImbZ95eXtAUIbLAuAVnBnwf83mjf6QIVH8SHYwqQ=
github.com/pkg/term v1.2.0-beta.2 h1:L3y/h2jkuBVFdWiJvNfYfKmzcCnILw7mJWm2JQuMppw=
github.com/pkg/term v1.2.0-beta.2/go.mod h1:E25nymQcrSllhX42Ok8MRm1+hyBdHY0dCeiKZ9jpNGw=
golang.org/x/sync v0.0.0-20190911185100-cd5d95a43a6e/go.mod h1:RxMgew5VJxzue5/jJTE5uejpjVlOe/izrB70Jof72aM=
golang.org/x/sys v0.0.0-20180504064212-6f686a352de6 h1:7sQOuWT0FeTmxxn+JJAZsUeQWkxgHl1358plTTEayuU=
golang.org/x/sys v0.0.0-20180504064212-6f686a352de6/go.mod h1:STP8DvDyc/dI5b8T5hshtkjS+E42TnysNCUPdjciGhY=
golang.org/x/sys v0.0.0-20190222072716-a9d3bda3a223/go.mod h1:STP8DvDyc/dI5b8T5hshtkjS+E42TnysNCUPdjciGhY=
golang.org/x/sys v0.0.0-20191008105621-543471e840be/go.mod h1:h1NjWce9XRLGQEsW7wpKNCjG9DtNlClVuFLEZdDNbEs=
golang.org/x/sys v0.0.0-20191120155948-bd437916bb0e/go.mod h1:h1NjWce9XRLGQEsW7wpKNCjG9DtNlClVuFLEZdDNbEs=
golang.org/x/sys v0.0.0-20200116001909-b77594299b42/go.mod h1:h1NjWce9XRLGQEsW7wpKNCjG9DtNlClVuFLEZdDNbEs=
golang.org/x/sys v0.0.0-20200223170610-d5e6a3e2c0ae/go.mod h1:h1NjWce9XRLGQEsW7wpKNCjG9DtNlClVuFLEZdDNbEs=
golang.org/x/sys v0.0.0-20200909081042-eff7692f9009/go.mod h1:h1NjWce9XRLGQEsW7wpKNCjG9DtNlClVuFLEZdDNbEs=
golang.org/x/sys v0.0.0-20200918174421-af09f7315aff h1:1CPUrky56AcgSpxz/KfgzQWzfG09u5YOL8MvPYBlrL8=
golang.org/x/sys v0.0.0-20200918174421-af09f7315aff/go.mod h1:h1NjWce9XRLGQEsW7wpKNCjG9DtNlClVuFLEZdDNbEs=
